
Microsoft Visual Studio Solution File, Format Version 12.00
# Visual Studio Version 17
VisualStudioVersion = 17.0.32014.148
MinimumVisualStudioVersion = 10.0.40219.1
Project("{FAE04EC0-301F-11D3-BF4B-00C04F79EFBC}") = "OopPlayground", "OopPlayground.csproj", "{FA80D692-8279-4D3C-A7F9-F98331CC1AC2}"
EndProject
Project("{FAE04EC0-301F-11D3-BF4B-00C04F79EFBC}") = "AbstractClass", "..\AbstractClass\AbstractClass.csproj", "{B8CC74F8-3185-40EA-B6CE-AD2E965F851C}"
EndProject
Project("{FAE04EC0-301F-11D3-BF4B-00C04F79EFBC}") = "PartialClass", "..\PartialClass\PartialClass.csproj", "{F2D60C21-3A9F-4FDE-8414-186396506DD2}"
EndProject
Global
	GlobalSection(SolutionConfigurationPlatforms) = preSolution
		Debug|Any CPU = Debug|Any CPU
		Release|Any CPU = Release|Any CPU
	EndGlobalSection
	GlobalSection(ProjectConfigurationPlatforms) = postSolution
		{FA80D692-8279-4D3C-A7F9-F98331CC1AC2}.Debug|Any CPU.ActiveCfg = Debug|Any CPU
		{FA80D692-8279-4D3C-A7F9-F98331CC1AC2}.Debug|Any CPU.Build.0 = Debug|Any CPU
		{FA80D692-8279-4D3C-A7F9-F98331CC1AC2}.Release|Any CPU.ActiveCfg = Release|Any CPU
		{FA80D692-8279-4D3C-A7F9-F98331CC1AC2}.Release|Any CPU.Build.0 = Release|Any CPU
		{B8CC74F8-3185-40EA-B6CE-AD2E965F851C}.Debug|Any CPU.ActiveCfg = Debug|Any CPU
		{B8CC74F8-3185-40EA-B6CE-AD2E965F851C}.Debug|Any CPU.Build.0 = Debug|Any CPU
		{B8CC74F8-3185-40EA-B6CE-AD2E965F851C}.Release|Any CPU.ActiveCfg = Release|Any CPU
		{B8CC74F8-3185-40EA-B6CE-AD2E965F851C}.Release|Any CPU.Build.0 = Release|Any CPU
		{F2D60C21-3A9F-4FDE-8414-186396506DD2}.Debug|Any CPU.ActiveCfg = Debug|Any CPU
		{F2D60C21-3A9F-4FDE-8414-186396506DD2}.Debug|Any CPU.Build.0 = Debug|Any CPU
		{F2D60C21-3A9F-4FDE-8414-186396506DD2}.Release|Any CPU.ActiveCfg = Release|Any CPU
		{F2D60C21-3A9F-4FDE-8414-186396506DD2}.Release|Any CPU.Build.0 = Release|Any CPU
	EndGlobalSection
	GlobalSection(SolutionProperties) = preSolution
		HideSolutionNode = FALSE
	EndGlobalSection
	GlobalSection(ExtensibilityGlobals) = postSolution
		SolutionGuid = {28BA0843-2360-43C1-8E89-1AB46A6BF7E4}
	EndGlobalSection
EndGlobal
